
Microsoft Visual Studio Solution File, Format Version 12.00
# Visual Studio 15
VisualStudioVersion = 15.0.27428.2037
MinimumVisualStudioVersion = 10.0.40219.1
Project("{FAE04EC0-301F-11D3-BF4B-00C04F79EFBC}") = "One.Installer", "One.Installer\One.Installer.csproj", "{8C8F51B8-932E-4A88-9B16-9411B426932F}"
EndProject
Project("{FAE04EC0-301F-11D3-BF4B-00C04F79EFBC}") = "One.Services.Paradise", "One.Services.Paradise\One.Services.Paradise.csproj", "{EDFED5A8-54BC-4AD5-A0BE-0291512E132C}"
EndProject
Project("{FAE04EC0-301F-11D3-BF4B-00C04F79EFBC}") = "One.Services.Printer", "One.Services.Printer\One.Services.Printer.csproj", "{9494A57E-97D1-40EF-858A-EB22C3977146}"
EndProject
Project("{FAE04EC0-301F-11D3-BF4B-00C04F79EFBC}") = "One.Update.DataBase", "One.Update.DataBase\One.Update.DataBase.csproj", "{0F8B054D-88C4-4D6A-B042-9424DCDF0FEA}"
EndProject
Project("{2150E333-8FDC-42A3-9474-1A3956D46DE8}") = "Web", "Web", "{2B879BDD-446B-4F3A-94C0-4FE097A65C97}"
EndProject
Project("{9A19103F-16F7-4668-BE54-9A1E7A4F7556}") = "One.WebServices.iGS", "One.WebServices.iGS\One.WebServices.iGS.csproj", "{A586D5E1-A0A3-41A8-B3E7-FFAD64408244}"
EndProject
Project("{2150E333-8FDC-42A3-9474-1A3956D46DE8}") = "Tools", "Tools", "{45E619D2-B16E-4614-A63D-A77482B895E2}"
EndProject
Project("{FAE04EC0-301F-11D3-BF4B-00C04F79EFBC}") = "ToolBox", "ToolBox\ToolBox.csproj", "{236C5E70-1F96-44F9-AD01-62F40B37A478}"
EndProject
Project("{FAE04EC0-301F-11D3-BF4B-00C04F79EFBC}") = "One.Data", "One.Data\One.Data.csproj", "{C3261530-2B57-490C-A68B-3D36FD3B71B9}"
EndProject
Project("{FAE04EC0-301F-11D3-BF4B-00C04F79EFBC}") = "WebApplication1", "WebApplication1\WebApplication1.csproj", "{A8697F08-B1FF-4BEE-8B7C-13C75BBE3227}"
EndProject
Global
	GlobalSection(SolutionConfigurationPlatforms) = preSolution
		Debug|Any CPU = Debug|Any CPU
		Release|Any CPU = Release|Any CPU
	EndGlobalSection
	GlobalSection(ProjectConfigurationPlatforms) = postSolution
		{8C8F51B8-932E-4A88-9B16-9411B426932F}.Debug|Any CPU.ActiveCfg = Debug|Any CPU
		{8C8F51B8-932E-4A88-9B16-9411B426932F}.Debug|Any CPU.Build.0 = Debug|Any CPU
		{8C8F51B8-932E-4A88-9B16-9411B426932F}.Release|Any CPU.ActiveCfg = Release|Any CPU
		{8C8F51B8-932E-4A88-9B16-9411B426932F}.Release|Any CPU.Build.0 = Release|Any CPU
		{EDFED5A8-54BC-4AD5-A0BE-0291512E132C}.Debug|Any CPU.ActiveCfg = Debug|Any CPU
		{EDFED5A8-54BC-4AD5-A0BE-0291512E132C}.Debug|Any CPU.Build.0 = Debug|Any CPU
		{EDFED5A8-54BC-4AD5-A0BE-0291512E132C}.Release|Any CPU.ActiveCfg = Release|Any CPU
		{EDFED5A8-54BC-4AD5-A0BE-0291512E132C}.Release|Any CPU.Build.0 = Release|Any CPU
		{9494A57E-97D1-40EF-858A-EB22C3977146}.Debug|Any CPU.ActiveCfg = Debug|Any CPU
		{9494A57E-97D1-40EF-858A-EB22C3977146}.Debug|Any CPU.Build.0 = Debug|Any CPU
		{9494A57E-97D1-40EF-858A-EB22C3977146}.Release|Any CPU.ActiveCfg = Release|Any CPU
		{9494A57E-97D1-40EF-858A-EB22C3977146}.Release|Any CPU.Build.0 = Release|Any CPU
		{0F8B054D-88C4-4D6A-B042-9424DCDF0FEA}.Debug|Any CPU.ActiveCfg = Debug|Any CPU
		{0F8B054D-88C4-4D6A-B042-9424DCDF0FEA}.Debug|Any CPU.Build.0 = Debug|Any CPU
		{0F8B054D-88C4-4D6A-B042-9424DCDF0FEA}.Release|Any CPU.ActiveCfg = Release|Any CPU
		{0F8B054D-88C4-4D6A-B042-9424DCDF0FEA}.Release|Any CPU.Build.0 = Release|Any CPU
		{A586D5E1-A0A3-41A8-B3E7-FFAD64408244}.Debug|Any CPU.ActiveCfg = Debug|Any CPU
		{A586D5E1-A0A3-41A8-B3E7-FFAD64408244}.Debug|Any CPU.Build.0 = Debug|Any CPU
		{A586D5E1-A0A3-41A8-B3E7-FFAD64408244}.Release|Any CPU.ActiveCfg = Release|Any CPU
		{A586D5E1-A0A3-41A8-B3E7-FFAD64408244}.Release|Any CPU.Build.0 = Release|Any CPU
		{236C5E70-1F96-44F9-AD01-62F40B37A478}.Debug|Any CPU.ActiveCfg = Debug|Any CPU
		{236C5E70-1F96-44F9-AD01-62F40B37A478}.Debug|Any CPU.Build.0 = Debug|Any CPU
		{236C5E70-1F96-44F9-AD01-62F40B37A478}.Release|Any CPU.ActiveCfg = Release|Any CPU
		{236C5E70-1F96-44F9-AD01-62F40B37A478}.Release|Any CPU.Build.0 = Release|Any CPU
		{C3261530-2B57-490C-A68B-3D36FD3B71B9}.Debug|Any CPU.ActiveCfg = Debug|Any CPU
		{C3261530-2B57-490C-A68B-3D36FD3B71B9}.Debug|Any CPU.Build.0 = Debug|Any CPU
		{C3261530-2B57-490C-A68B-3D36FD3B71B9}.Release|Any CPU.ActiveCfg = Release|Any CPU
		{C3261530-2B57-490C-A68B-3D36FD3B71B9}.Release|Any CPU.Build.0 = Release|Any CPU
		{A8697F08-B1FF-4BEE-8B7C-13C75BBE3227}.Debug|Any CPU.ActiveCfg = Debug|Any CPU
		{A8697F08-B1FF-4BEE-8B7C-13C75BBE3227}.Debug|Any CPU.Build.0 = Debug|Any CPU
		{A8697F08-B1FF-4BEE-8B7C-13C75BBE3227}.Release|Any CPU.ActiveCfg = Release|Any CPU
		{A8697F08-B1FF-4BEE-8B7C-13C75BBE3227}.Release|Any CPU.Build.0 = Release|Any CPU
	EndGlobalSection
	GlobalSection(SolutionProperties) = preSolution
		HideSolutionNode = FALSE
	EndGlobalSection
	GlobalSection(NestedProjects) = preSolution
		{A586D5E1-A0A3-41A8-B3E7-FFAD64408244} = {2B879BDD-446B-4F3A-94C0-4FE097A65C97}
		{236C5E70-1F96-44F9-AD01-62F40B37A478} = {45E619D2-B16E-4614-A63D-A77482B895E2}
		{C3261530-2B57-490C-A68B-3D36FD3B71B9} = {45E619D2-B16E-4614-A63D-A77482B895E2}
		{A8697F08-B1FF-4BEE-8B7C-13C75BBE3227} = {45E619D2-B16E-4614-A63D-A77482B895E2}
	EndGlobalSection
	GlobalSection(ExtensibilityGlobals) = postSolution
		SolutionGuid = {CA76B650-8D0E-4C50-B38D-9A0DE28AB8BE}
	EndGlobalSection
EndGlobal
